
Microsoft Visual Studio Solution File, Format Version 12.00
# Visual Studio 15
VisualStudioVersion = 15.0.26403.0
MinimumVisualStudioVersion = 10.0.40219.1
Project("{8BC9CEB8-8B4A-11D0-8D11-00A0C91BC942}") = "MRTD-demo", "RecognizerApiDemo\RecognizerApiDemo.vcxproj", "{9A85E99C-B175-4F12-8471-0816AF06B14F}"
EndProject
Project("{8BC9CEB8-8B4A-11D0-8D11-00A0C91BC942}") = "MRTD-camera-demo", "RecognizerApiCameraDemo\RecognizerApiCameraDemo.vcxproj", "{86DBF84A-DDE9-44FA-A868-F6A2E80127CA}"
EndProject
Project("{8BC9CEB8-8B4A-11D0-8D11-00A0C91BC942}") = "RawOCRDemo", "RawOCRDemo\RawOCRDemo.vcxproj", "{F9773194-1196-4424-8754-834DA37D8177}"
EndProject
Project("{8BC9CEB8-8B4A-11D0-8D11-00A0C91BC942}") = "Templating-demo", "Templating-demo\Templating-demo.vcxproj", "{9E40B5ED-7F5E-41E9-A4F0-06DADD15B31A}"
EndProject
Global
	GlobalSection(SolutionConfigurationPlatforms) = preSolution
		Debug|Win32 = Debug|Win32
		Debug|x64 = Debug|x64
		Release|Win32 = Release|Win32
		Release|x64 = Release|x64
	EndGlobalSection
	GlobalSection(ProjectConfigurationPlatforms) = postSolution
		{9A85E99C-B175-4F12-8471-0816AF06B14F}.Debug|Win32.ActiveCfg = Debug|Win32
		{9A85E99C-B175-4F12-8471-0816AF06B14F}.Debug|Win32.Build.0 = Debug|Win32
		{9A85E99C-B175-4F12-8471-0816AF06B14F}.Debug|x64.ActiveCfg = Debug|x64
		{9A85E99C-B175-4F12-8471-0816AF06B14F}.Debug|x64.Build.0 = Debug|x64
		{9A85E99C-B175-4F12-8471-0816AF06B14F}.Release|Win32.ActiveCfg = Release|Win32
		{9A85E99C-B175-4F12-8471-0816AF06B14F}.Release|Win32.Build.0 = Release|Win32
		{9A85E99C-B175-4F12-8471-0816AF06B14F}.Release|x64.ActiveCfg = Release|x64
		{9A85E99C-B175-4F12-8471-0816AF06B14F}.Release|x64.Build.0 = Release|x64
		{86DBF84A-DDE9-44FA-A868-F6A2E80127CA}.Debug|Win32.ActiveCfg = Debug|Win32
		{86DBF84A-DDE9-44FA-A868-F6A2E80127CA}.Debug|Win32.Build.0 = Debug|Win32
		{86DBF84A-DDE9-44FA-A868-F6A2E80127CA}.Debug|x64.ActiveCfg = Debug|Win32
		{86DBF84A-DDE9-44FA-A868-F6A2E80127CA}.Release|Win32.ActiveCfg = Release|Win32
		{86DBF84A-DDE9-44FA-A868-F6A2E80127CA}.Release|Win32.Build.0 = Release|Win32
		{86DBF84A-DDE9-44FA-A868-F6A2E80127CA}.Release|x64.ActiveCfg = Release|Win32
		{F9773194-1196-4424-8754-834DA37D8177}.Debug|Win32.ActiveCfg = Debug|Win32
		{F9773194-1196-4424-8754-834DA37D8177}.Debug|Win32.Build.0 = Debug|Win32
		{F9773194-1196-4424-8754-834DA37D8177}.Debug|x64.ActiveCfg = Debug|x64
		{F9773194-1196-4424-8754-834DA37D8177}.Debug|x64.Build.0 = Debug|x64
		{F9773194-1196-4424-8754-834DA37D8177}.Release|Win32.ActiveCfg = Release|Win32
		{F9773194-1196-4424-8754-834DA37D8177}.Release|Win32.Build.0 = Release|Win32
		{F9773194-1196-4424-8754-834DA37D8177}.Release|x64.ActiveCfg = Release|x64
		{F9773194-1196-4424-8754-834DA37D8177}.Release|x64.Build.0 = Release|x64
		{9E40B5ED-7F5E-41E9-A4F0-06DADD15B31A}.Debug|Win32.ActiveCfg = Debug|Win32
		{9E40B5ED-7F5E-41E9-A4F0-06DADD15B31A}.Debug|Win32.Build.0 = Debug|Win32
		{9E40B5ED-7F5E-41E9-A4F0-06DADD15B31A}.Debug|x64.ActiveCfg = Debug|x64
		{9E40B5ED-7F5E-41E9-A4F0-06DADD15B31A}.Debug|x64.Build.0 = Debug|x64
		{9E40B5ED-7F5E-41E9-A4F0-06DADD15B31A}.Release|Win32.ActiveCfg = Release|Win32
		{9E40B5ED-7F5E-41E9-A4F0-06DADD15B31A}.Release|Win32.Build.0 = Release|Win32
		{9E40B5ED-7F5E-41E9-A4F0-06DADD15B31A}.Release|x64.ActiveCfg = Release|x64
		{9E40B5ED-7F5E-41E9-A4F0-06DADD15B31A}.Release|x64.Build.0 = Release|x64
	EndGlobalSection
	GlobalSection(SolutionProperties) = preSolution
		HideSolutionNode = FALSE
	EndGlobalSection
EndGlobal
